
Microsoft Visual Studio Solution File, Format Version 12.00
# Visual Studio Version 17
VisualStudioVersion = 17.14.36221.1 d17.14
MinimumVisualStudioVersion = 10.0.40219.1
Project("{FAE04EC0-301F-11D3-BF4B-00C04F79EFBC}") = "Risk-assessor", "Risk-assessor\Risk-assessor.csproj", "{2290E945-A8BD-488D-AB6A-AF9F498505CE}"
EndProject
Global
	GlobalSection(SolutionConfigurationPlatforms) = preSolution
		Debug|Any CPU = Debug|Any CPU
		Release|Any CPU = Release|Any CPU
	EndGlobalSection
	GlobalSection(ProjectConfigurationPlatforms) = postSolution
		{2290E945-A8BD-488D-AB6A-AF9F498505CE}.Debug|Any CPU.ActiveCfg = Debug|Any CPU
		{2290E945-A8BD-488D-AB6A-AF9F498505CE}.Debug|Any CPU.Build.0 = Debug|Any CPU
		{2290E945-A8BD-488D-AB6A-AF9F498505CE}.Release|Any CPU.ActiveCfg = Release|Any CPU
		{2290E945-A8BD-488D-AB6A-AF9F498505CE}.Release|Any CPU.Build.0 = Release|Any CPU
	EndGlobalSection
	GlobalSection(SolutionProperties) = preSolution
		HideSolutionNode = FALSE
	EndGlobalSection
	GlobalSection(ExtensibilityGlobals) = postSolution
		SolutionGuid = {A12C0D81-01C8-4A07-B677-04C170C24659}
	EndGlobalSection
EndGlobal
